
Microsoft Visual Studio Solution File, Format Version 12.00
# Visual Studio 15
VisualStudioVersion = 15.0.28307.852
MinimumVisualStudioVersion = 10.0.40219.1
Project("{FAE04EC0-301F-11D3-BF4B-00C04F79EFBC}") = "gittest2", "gittest2\gittest2.csproj", "{5F762DE2-4308-4ED9-834B-581551BF836D}"
EndProject
Global
	GlobalSection(SolutionConfigurationPlatforms) = preSolution
		Debug|Any CPU = Debug|Any CPU
		Release|Any CPU = Release|Any CPU
	EndGlobalSection
	GlobalSection(ProjectConfigurationPlatforms) = postSolution
		{5F762DE2-4308-4ED9-834B-581551BF836D}.Debug|Any CPU.ActiveCfg = Debug|Any CPU
		{5F762DE2-4308-4ED9-834B-581551BF836D}.Debug|Any CPU.Build.0 = Debug|Any CPU
		{5F762DE2-4308-4ED9-834B-581551BF836D}.Release|Any CPU.ActiveCfg = Release|Any CPU
		{5F762DE2-4308-4ED9-834B-581551BF836D}.Release|Any CPU.Build.0 = Release|Any CPU
	EndGlobalSection
	GlobalSection(SolutionProperties) = preSolution
		HideSolutionNode = FALSE
	EndGlobalSection
	GlobalSection(ExtensibilityGlobals) = postSolution
		SolutionGuid = {BE2F673A-70EB-4032-BD00-E31D62A3AE66}
	EndGlobalSection
EndGlobal
